Microsoft Visual Studio Solution File, Format Version 12.00
# Visual Studio 2012
Project("{FAE04EC0-301F-11D3-BF4B-00C04F79EFBC}") = "Flappy Bird", "Flappy Bird.csproj", "{D66198DF-FCFC-4BB2-8399-259300A40A99}"
EndProject
Global
	GlobalSection(SolutionConfigurationPlatforms) = preSolution
	Debug|Any CPU = Debug|Any CPU
	ExportDebug|Any CPU = ExportDebug|Any CPU
	ExportRelease|Any CPU = ExportRelease|Any CPU
	EndGlobalSection
	GlobalSection(ProjectConfigurationPlatforms) = postSolution
		{D66198DF-FCFC-4BB2-8399-259300A40A99}.Debug|Any CPU.ActiveCfg = Debug|Any CPU
		{D66198DF-FCFC-4BB2-8399-259300A40A99}.Debug|Any CPU.Build.0 = Debug|Any CPU
		{D66198DF-FCFC-4BB2-8399-259300A40A99}.ExportDebug|Any CPU.ActiveCfg = ExportDebug|Any CPU
		{D66198DF-FCFC-4BB2-8399-259300A40A99}.ExportDebug|Any CPU.Build.0 = ExportDebug|Any CPU
		{D66198DF-FCFC-4BB2-8399-259300A40A99}.ExportRelease|Any CPU.ActiveCfg = ExportRelease|Any CPU
		{D66198DF-FCFC-4BB2-8399-259300A40A99}.ExportRelease|Any CPU.Build.0 = ExportRelease|Any CPU
	EndGlobalSection
EndGlobal
